// !$*UTF8*$!
{
	archiveVersion = 1;
	classes = {
	};
	objectVersion = 50;
	objects = {

/* Begin PBXBuildFile section */
		2A5DAC2E2152B30000A45D37 /* AppDelegate.swift in Sources */ = {isa = PBXBuildFile; fileRef = 2A5DAC2D2152B30000A45D37 /* AppDelegate.swift */; };
		2A5DAC332152B30000A45D37 /* Main.storyboard in Resources */ = {isa = PBXBuildFile; fileRef = 2A5DAC312152B30000A45D37 /* Main.storyboard */; };
		2A5DAC352152B30100A45D37 /* Assets.xcassets in Resources */ = {isa = PBXBuildFile; fileRef = 2A5DAC342152B30100A45D37 /* Assets.xcassets */; };
		2A5DAC382152B30100A45D37 /* LaunchScreen.storyboard in Resources */ = {isa = PBXBuildFile; fileRef = 2A5DAC362152B30100A45D37 /* LaunchScreen.storyboard */; };
		2A5DAC402152B36C00A45D37 /* WeatherTableViewController.swift in Sources */ = {isa = PBXBuildFile; fileRef = 2A5DAC3F2152B36C00A45D37 /* WeatherTableViewController.swift */; };
		2AB2C495216E7A47009D0C0F /* DateUtil.swift in Sources */ = {isa = PBXBuildFile; fileRef = 2AB2C494216E7A47009D0C0F /* DateUtil.swift */; };
		2ABA608D216D15D70089C166 /* PrecipitationType.swift in Sources */ = {isa = PBXBuildFile; fileRef = 2ABA608C216D15D70089C166 /* PrecipitationType.swift */; };
		2ABAC587215AB9FC00598048 /* DarkSky.swift in Sources */ = {isa = PBXBuildFile; fileRef = 2ABAC586215AB9FC00598048 /* DarkSky.swift */; };
		2ABAC589215BD2CC00598048 /* ClientManager.swift in Sources */ = {isa = PBXBuildFile; fileRef = 2ABAC588215BD2CC00598048 /* ClientManager.swift */; };
		2ABAC58B215BD55500598048 /* NetworkClient.swift in Sources */ = {isa = PBXBuildFile; fileRef = 2ABAC58A215BD55500598048 /* NetworkClient.swift */; };
		2ABAC590215D5DF600598048 /* Forecast.swift in Sources */ = {isa = PBXBuildFile; fileRef = 2ABAC58F215D5DF600598048 /* Forecast.swift */; };
		2ABAC5962162A78D00598048 /* Weather.swift in Sources */ = {isa = PBXBuildFile; fileRef = 2ABAC5952162A78D00598048 /* Weather.swift */; };
		2ABAC5982162A79600598048 /* Location.swift in Sources */ = {isa = PBXBuildFile; fileRef = 2ABAC5972162A79600598048 /* Location.swift */; };
		2ABAC59A2162AE0100598048 /* WeatherCell.swift in Sources */ = {isa = PBXBuildFile; fileRef = 2ABAC5992162AE0100598048 /* WeatherCell.swift */; };
		2ABAC59C2163D91800598048 /* WeatherCondition.swift in Sources */ = {isa = PBXBuildFile; fileRef = 2ABAC59B2163D91800598048 /* WeatherCondition.swift */; };
		3EF5C0A9F13998746A234C1F /* Pods_CapTemp.framework in Frameworks */ = {isa = PBXBuildFile; fileRef = F572DCBF3261D0B0A9026D41 /* Pods_CapTemp.framework */; };
/* End PBXBuildFile section */

/* Begin PBXFileReference section */
		2A5DAC2A2152B30000A45D37 /* CapTemp.app */ = {isa = PBXFileReference; explicitFileType = wrapper.application; includeInIndex = 0; path = CapTemp.app; sourceTree = BUILT_PRODUCTS_DIR; };
		2A5DAC2D2152B30000A45D37 /* AppDelegate.swift */ = {isa = PBXFileReference; lastKnownFileType = sourcecode.swift; path = AppDelegate.swift; sourceTree = "<group>"; };
		2A5DAC322152B30000A45D37 /* Base */ = {isa = PBXFileReference; lastKnownFileType = file.storyboard; name = Base; path = Base.lproj/Main.storyboard; sourceTree = "<group>"; };
		2A5DAC342152B30100A45D37 /* Assets.xcassets */ = {isa = PBXFileReference; lastKnownFileType = folder.assetcatalog; path = Assets.xcassets; sourceTree = "<group>"; };
		2A5DAC372152B30100A45D37 /* Base */ = {isa = PBXFileReference; lastKnownFileType = file.storyboard; name = Base; path = Base.lproj/LaunchScreen.storyboard; sourceTree = "<group>"; };
		2A5DAC392152B30100A45D37 /* Info.plist */ = {isa = PBXFileReference; lastKnownFileType = text.plist.xml; path = Info.plist; sourceTree = "<group>"; };
		2A5DAC3F2152B36C00A45D37 /* WeatherTableViewController.swift */ = {isa = PBXFileReference; lastKnownFileType = sourcecode.swift; path = WeatherTableViewController.swift; sourceTree = "<group>"; };
		2AB2C494216E7A47009D0C0F /* DateUtil.swift */ = {isa = PBXFileReference; lastKnownFileType = sourcecode.swift; path = DateUtil.swift; sourceTree = "<group>"; };
		2ABA608C216D15D70089C166 /* PrecipitationType.swift */ = {isa = PBXFileReference; lastKnownFileType = sourcecode.swift; path = PrecipitationType.swift; sourceTree = "<group>"; };
		2ABAC586215AB9FC00598048 /* DarkSky.swift */ = {isa = PBXFileReference; lastKnownFileType = sourcecode.swift; path = DarkSky.swift; sourceTree = "<group>"; };
		2ABAC588215BD2CC00598048 /* ClientManager.swift */ = {isa = PBXFileReference; lastKnownFileType = sourcecode.swift; path = ClientManager.swift; sourceTree = "<group>"; };
		2ABAC58A215BD55500598048 /* NetworkClient.swift */ = {isa = PBXFileReference; lastKnownFileType = sourcecode.swift; path = NetworkClient.swift; sourceTree = "<group>"; };
		2ABAC58F215D5DF600598048 /* Forecast.swift */ = {isa = PBXFileReference; lastKnownFileType = sourcecode.swift; path = Forecast.swift; sourceTree = "<group>"; };
		2ABAC5952162A78D00598048 /* Weather.swift */ = {isa = PBXFileReference; fileEncoding = 4; lastKnownFileType = sourcecode.swift; path = Weather.swift; sourceTree = "<group>"; };
		2ABAC5972162A79600598048 /* Location.swift */ = {isa = PBXFileReference; lastKnownFileType = sourcecode.swift; path = Location.swift; sourceTree = "<group>"; };
		2ABAC5992162AE0100598048 /* WeatherCell.swift */ = {isa = PBXFileReference; lastKnownFileType = sourcecode.swift; path = WeatherCell.swift; sourceTree = "<group>"; };
		2ABAC59B2163D91800598048 /* WeatherCondition.swift */ = {isa = PBXFileReference; lastKnownFileType = sourcecode.swift; path = WeatherCondition.swift; sourceTree = "<group>"; };
		46FDA1EB22B0C51DFEF9EEC2 /* Pods-CapTweet.debug.xcconfig */ = {isa = PBXFileReference; includeInIndex = 1; lastKnownFileType = text.xcconfig; name = "Pods-CapTweet.debug.xcconfig"; path = "Pods/Target Support Files/Pods-CapTweet/Pods-CapTweet.debug.xcconfig"; sourceTree = "<group>"; };
		95DE1CB5C2A25B39B8BE51D3 /* Pods_CapTweet.framework */ = {isa = PBXFileReference; explicitFileType = wrapper.framework; includeInIndex = 0; path = Pods_CapTweet.framework; sourceTree = BUILT_PRODUCTS_DIR; };
		A8506DF1F578FC7BDB54D962 /* Pods-CapTemp.release.xcconfig */ = {isa = PBXFileReference; includeInIndex = 1; lastKnownFileType = text.xcconfig; name = "Pods-CapTemp.release.xcconfig"; path = "Pods/Target Support Files/Pods-CapTemp/Pods-CapTemp.release.xcconfig"; sourceTree = "<group>"; };
		D6BFC85C37AE4E8273A45959 /* Pods-CapTweet.release.xcconfig */ = {isa = PBXFileReference; includeInIndex = 1; lastKnownFileType = text.xcconfig; name = "Pods-CapTweet.release.xcconfig"; path = "Pods/Target Support Files/Pods-CapTweet/Pods-CapTweet.release.xcconfig"; sourceTree = "<group>"; };
		F34234FB59ACEA2D97EE2A20 /* Pods-CapTemp.debug.xcconfig */ = {isa = PBXFileReference; includeInIndex = 1; lastKnownFileType = text.xcconfig; name = "Pods-CapTemp.debug.xcconfig"; path = "Pods/Target Support Files/Pods-CapTemp/Pods-CapTemp.debug.xcconfig"; sourceTree = "<group>"; };
		F572DCBF3261D0B0A9026D41 /* Pods_CapTemp.framework */ = {isa = PBXFileReference; explicitFileType = wrapper.framework; includeInIndex = 0; path = Pods_CapTemp.framework; sourceTree = BUILT_PRODUCTS_DIR; };
/* End PBXFileReference section */

/* Begin PBXFrameworksBuildPhase section */
		2A5DAC272152B2FF00A45D37 /* Frameworks */ = {
			isa = PBXFrameworksBuildPhase;
			buildActionMask = 2147483647;
			files = (
				3EF5C0A9F13998746A234C1F /* Pods_CapTemp.framework in Frameworks */,
			);
			runOnlyForDeploymentPostprocessing = 0;
		};
/* End PBXFrameworksBuildPhase section */

/* Begin PBXGroup section */
		0D91FABFEC31A61D69463294 /* Pods */ = {
			isa = PBXGroup;
			children = (
				46FDA1EB22B0C51DFEF9EEC2 /* Pods-CapTweet.debug.xcconfig */,
				D6BFC85C37AE4E8273A45959 /* Pods-CapTweet.release.xcconfig */,
				F34234FB59ACEA2D97EE2A20 /* Pods-CapTemp.debug.xcconfig */,
				A8506DF1F578FC7BDB54D962 /* Pods-CapTemp.release.xcconfig */,
			);
			name = Pods;
			sourceTree = "<group>";
		};
		2A18A1E62163E19D00A9B34C /* Util */ = {
			isa = PBXGroup;
			children = (
				2ABAC59B2163D91800598048 /* WeatherCondition.swift */,
				2ABA608C216D15D70089C166 /* PrecipitationType.swift */,
				2AB2C494216E7A47009D0C0F /* DateUtil.swift */,
			);
			path = Util;
			sourceTree = "<group>";
		};
		2A5DAC212152B2FF00A45D37 = {
			isa = PBXGroup;
			children = (
				2A5DAC2C2152B30000A45D37 /* CapTemp */,
				2A5DAC2B2152B30000A45D37 /* Products */,
				0D91FABFEC31A61D69463294 /* Pods */,
				FD038580BFE84D9DEF1776B7 /* Frameworks */,
			);
			sourceTree = "<group>";
		};
		2A5DAC2B2152B30000A45D37 /* Products */ = {
			isa = PBXGroup;
			children = (
				2A5DAC2A2152B30000A45D37 /* CapTemp.app */,
			);
			name = Products;
			sourceTree = "<group>";
		};
		2A5DAC2C2152B30000A45D37 /* CapTemp */ = {
			isa = PBXGroup;
			children = (
				2A5DAC312152B30000A45D37 /* Main.storyboard */,
				2ABAC58C215BD5D300598048 /* Model */,
				2A5DAC412152B89400A45D37 /* Networking */,
				2A18A1E62163E19D00A9B34C /* Util */,
				2A5DAC2D2152B30000A45D37 /* AppDelegate.swift */,
				2A5DAC3F2152B36C00A45D37 /* WeatherTableViewController.swift */,
				2ABAC5992162AE0100598048 /* WeatherCell.swift */,
				2A5DAC342152B30100A45D37 /* Assets.xcassets */,
				2A5DAC362152B30100A45D37 /* LaunchScreen.storyboard */,
				2A5DAC392152B30100A45D37 /* Info.plist */,
			);
			path = CapTemp;
			sourceTree = "<group>";
		};
		2A5DAC412152B89400A45D37 /* Networking */ = {
			isa = PBXGroup;
			children = (
				2ABAC588215BD2CC00598048 /* ClientManager.swift */,
				2ABAC586215AB9FC00598048 /* DarkSky.swift */,
				2ABAC58A215BD55500598048 /* NetworkClient.swift */,
			);
			path = Networking;
			sourceTree = "<group>";
		};
		2ABAC58C215BD5D300598048 /* Model */ = {
			isa = PBXGroup;
			children = (
				2ABAC5952162A78D00598048 /* Weather.swift */,
				2ABAC58F215D5DF600598048 /* Forecast.swift */,
				2ABAC5972162A79600598048 /* Location.swift */,
			);
			path = Model;
			sourceTree = "<group>";
		};
		FD038580BFE84D9DEF1776B7 /* Frameworks */ = {
			isa = PBXGroup;
			children = (
				95DE1CB5C2A25B39B8BE51D3 /* Pods_CapTweet.framework */,
				F572DCBF3261D0B0A9026D41 /* Pods_CapTemp.framework */,
			);
			name = Frameworks;
			sourceTree = "<group>";
		};
/* End PBXGroup section */

/* Begin PBXNativeTarget section */
		2A5DAC292152B2FF00A45D37 /* CapTemp */ = {
			isa = PBXNativeTarget;
			buildConfigurationList = 2A5DAC3C2152B30100A45D37 /* Build configuration list for PBXNativeTarget "CapTemp" */;
			buildPhases = (
				B76677B55FE76A23503AEA23 /* [CP] Check Pods Manifest.lock */,
				2A5DAC262152B2FF00A45D37 /* Sources */,
				2A5DAC272152B2FF00A45D37 /* Frameworks */,
				2A5DAC282152B2FF00A45D37 /* Resources */,
				3745D3F8ACBD47618E60AF45 /* [CP] Embed Pods Frameworks */,
			);
			buildRules = (
			);
			dependencies = (
			);
			name = CapTemp;
			productName = CapTweet;
			productReference = 2A5DAC2A2152B30000A45D37 /* CapTemp.app */;
			productType = "com.apple.product-type.application";
		};
/* End PBXNativeTarget section */

/* Begin PBXProject section */
		2A5DAC222152B2FF00A45D37 /* Project object */ = {
			isa = PBXProject;
			attributes = {
				LastSwiftUpdateCheck = 1000;
				LastUpgradeCheck = 1000;
				ORGANIZATIONNAME = CapTech;
				TargetAttributes = {
					2A5DAC292152B2FF00A45D37 = {
						CreatedOnToolsVersion = 10.0;
					};
				};
			};
			buildConfigurationList = 2A5DAC252152B2FF00A45D37 /* Build configuration list for PBXProject "CapTemp" */;
			compatibilityVersion = "Xcode 9.3";
			developmentRegion = en;
			hasScannedForEncodings = 0;
			knownRegions = (
				en,
				Base,
			);
			mainGroup = 2A5DAC212152B2FF00A45D37;
			productRefGroup = 2A5DAC2B2152B30000A45D37 /* Products */;
			projectDirPath = "";
			projectRoot = "";
			targets = (
				2A5DAC292152B2FF00A45D37 /* CapTemp */,
			);
		};
/* End PBXProject section */

/* Begin PBXResourcesBuildPhase section */
		2A5DAC282152B2FF00A45D37 /* Resources */ = {
			isa = PBXResourcesBuildPhase;
			buildActionMask = 2147483647;
			files = (
				2A5DAC382152B30100A45D37 /* LaunchScreen.storyboard in Resources */,
				2A5DAC352152B30100A45D37 /* Assets.xcassets in Resources */,
				2A5DAC332152B30000A45D37 /* Main.storyboard in Resources */,
			);
			runOnlyForDeploymentPostprocessing = 0;
		};
/* End PBXResourcesBuildPhase section */

/* Begin PBXShellScriptBuildPhase section */
		3745D3F8ACBD47618E60AF45 /* [CP] Embed Pods Frameworks */ = {
			isa = PBXShellScriptBuildPhase;
			buildActionMask = 2147483647;
			files = (
			);
			inputFileListPaths = (
			);
			inputPaths = (
				"${SRCROOT}/Pods/Target Support Files/Pods-CapTemp/Pods-CapTemp-frameworks.sh",
				"${BUILT_PRODUCTS_DIR}/Alamofire/Alamofire.framework",
				"${BUILT_PRODUCTS_DIR}/Moya/Moya.framework",
				"${BUILT_PRODUCTS_DIR}/Result/Result.framework",
			);
			name = "[CP] Embed Pods Frameworks";
			outputFileListPaths = (
			);
			outputPaths = (
				"${TARGET_BUILD_DIR}/${FRAMEWORKS_FOLDER_PATH}/Alamofire.framework",
				"${TARGET_BUILD_DIR}/${FRAMEWORKS_FOLDER_PATH}/Moya.framework",
				"${TARGET_BUILD_DIR}/${FRAMEWORKS_FOLDER_PATH}/Result.framework",
			);
			runOnlyForDeploymentPostprocessing = 0;
			shellPath = /bin/sh;
			shellScript = "\"${SRCROOT}/Pods/Target Support Files/Pods-CapTemp/Pods-CapTemp-frameworks.sh\"\n";
			showEnvVarsInLog = 0;
		};
		B76677B55FE76A23503AEA23 /* [CP] Check Pods Manifest.lock */ = {
			isa = PBXShellScriptBuildPhase;
			buildActionMask = 2147483647;
			files = (
			);
			inputFileListPaths = (
			);
			inputPaths = (
				"${PODS_PODFILE_DIR_PATH}/Podfile.lock",
				"${PODS_ROOT}/Manifest.lock",
			);
			name = "[CP] Check Pods Manifest.lock";
			outputFileListPaths = (
			);
			outputPaths = (
				"$(DERIVED_FILE_DIR)/Pods-CapTemp-checkManifestLockResult.txt",
			);
			runOnlyForDeploymentPostprocessing = 0;
			shellPath = /bin/sh;
			shellScript = "diff \"${PODS_PODFILE_DIR_PATH}/Podfile.lock\" \"${PODS_ROOT}/Manifest.lock\" > /dev/null\nif [ $? != 0 ] ; then\n    # print error to STDERR\n    echo \"error: The sandbox is not in sync with the Podfile.lock. Run 'pod install' or update your CocoaPods installation.\" >&2\n    exit 1\nfi\n# This output is used by Xcode 'outputs' to avoid re-running this script phase.\necho \"SUCCESS\" > \"${SCRIPT_OUTPUT_FILE_0}\"\n";
			showEnvVarsInLog = 0;
		};
/* End PBXShellScriptBuildPhase section */

/* Begin PBXSourcesBuildPhase section */
		2A5DAC262152B2FF00A45D37 /* Sources */ = {
			isa = PBXSourcesBuildPhase;
			buildActionMask = 2147483647;
			files = (
				2ABAC589215BD2CC00598048 /* ClientManager.swift in Sources */,
				2ABA608D216D15D70089C166 /* PrecipitationType.swift in Sources */,
				2ABAC59C2163D91800598048 /* WeatherCondition.swift in Sources */,
				2A5DAC402152B36C00A45D37 /* WeatherTableViewController.swift in Sources */,
				2ABAC59A2162AE0100598048 /* WeatherCell.swift in Sources */,
				2ABAC5982162A79600598048 /* Location.swift in Sources */,
				2ABAC590215D5DF600598048 /* Forecast.swift in Sources */,
				2ABAC587215AB9FC00598048 /* DarkSky.swift in Sources */,
				2ABAC58B215BD55500598048 /* NetworkClient.swift in Sources */,
				2AB2C495216E7A47009D0C0F /* DateUtil.swift in Sources */,
				2A5DAC2E2152B30000A45D37 /* AppDelegate.swift in Sources */,
				2ABAC5962162A78D00598048 /* Weather.swift in Sources */,
			);
			runOnlyForDeploymentPostprocessing = 0;
		};
/* End PBXSourcesBuildPhase section */

/* Begin PBXVariantGroup section */
		2A5DAC312152B30000A45D37 /* Main.storyboard */ = {
			isa = PBXVariantGroup;
			children = (
				2A5DAC322152B30000A45D37 /* Base */,
			);
			name = Main.storyboard;
			sourceTree = "<group>";
		};
		2A5DAC362152B30100A45D37 /* LaunchScreen.storyboard */ = {
			isa = PBXVariantGroup;
			children = (
				2A5DAC372152B30100A45D37 /* Base */,
			);
			name = LaunchScreen.storyboard;
			sourceTree = "<group>";
		};
/* End PBXVariantGroup section */

/* Begin XCBuildConfiguration section */
		2A5DAC3A2152B30100A45D37 /* Debug */ = {
			isa = XCBuildConfiguration;
			buildSettings = {
				ALWAYS_SEARCH_USER_PATHS = NO;
				CLANG_ANALYZER_NONNULL = YES;
				CLANG_ANALYZER_NUMBER_OBJECT_CONVERSION = YES_AGGRESSIVE;
				CLANG_CXX_LANGUAGE_STANDARD = "gnu++14";
				CLANG_CXX_LIBRARY = "libc++";
				CLANG_ENABLE_MODULES = YES;
				CLANG_ENABLE_OBJC_ARC = YES;
				CLANG_ENABLE_OBJC_WEAK = YES;
				CLANG_WARN_BLOCK_CAPTURE_AUTORELEASING = YES;
				CLANG_WARN_BOOL_CONVERSION = YES;
				CLANG_WARN_COMMA = YES;
				CLANG_WARN_CONSTANT_CONVERSION = YES;
				CLANG_WARN_DEPRECATED_OBJC_IMPLEMENTATIONS = YES;
				CLANG_WARN_DIRECT_OBJC_ISA_USAGE = YES_ERROR;
				CLANG_WARN_DOCUMENTATION_COMMENTS = YES;
				CLANG_WARN_EMPTY_BODY = YES;
				CLANG_WARN_ENUM_CONVERSION = YES;
				CLANG_WARN_INFINITE_RECURSION = YES;
				CLANG_WARN_INT_CONVERSION = YES;
				CLANG_WARN_NON_LITERAL_NULL_CONVERSION = YES;
				CLANG_WARN_OBJC_IMPLICIT_RETAIN_SELF = YES;
				CLANG_WARN_OBJC_LITERAL_CONVERSION = YES;
				CLANG_WARN_OBJC_ROOT_CLASS = YES_ERROR;
				CLANG_WARN_RANGE_LOOP_ANALYSIS = YES;
				CLANG_WARN_STRICT_PROTOTYPES = YES;
				CLANG_WARN_SUSPICIOUS_MOVE = YES;
				CLANG_WARN_UNGUARDED_AVAILABILITY = YES_AGGRESSIVE;
				CLANG_WARN_UNREACHABLE_CODE = YES;
				CLANG_WARN__DUPLICATE_METHOD_MATCH = YES;
				CODE_SIGN_IDENTITY = "iPhone Developer";
				COPY_PHASE_STRIP = NO;
				DEBUG_INFORMATION_FORMAT = dwarf;
				ENABLE_STRICT_OBJC_MSGSEND = YES;
				ENABLE_TESTABILITY = YES;
				GCC_C_LANGUAGE_STANDARD = gnu11;
				GCC_DYNAMIC_NO_PIC = NO;
				GCC_NO_COMMON_BLOCKS = YES;
				GCC_OPTIMIZATION_LEVEL = 0;
				GCC_PREPROCESSOR_DEFINITIONS = (
					"DEBUG=1",
					"$(inherited)",
				);
				GCC_WARN_64_TO_32_BIT_CONVERSION = YES;
				GCC_WARN_ABOUT_RETURN_TYPE = YES_ERROR;
				GCC_WARN_UNDECLARED_SELECTOR = YES;
				GCC_WARN_UNINITIALIZED_AUTOS = YES_AGGRESSIVE;
				GCC_WARN_UNUSED_FUNCTION = YES;
				GCC_WARN_UNUSED_VARIABLE = YES;
				IPHONEOS_DEPLOYMENT_TARGET = 12.0;
				MTL_ENABLE_DEBUG_INFO = INCLUDE_SOURCE;
				MTL_FAST_MATH = YES;
				ONLY_ACTIVE_ARCH = YES;
				SDKROOT = iphoneos;
				SWIFT_ACTIVE_COMPILATION_CONDITIONS = DEBUG;
				SWIFT_OPTIMIZATION_LEVEL = "-Onone";
			};
			name = Debug;
		};
		2A5DAC3B2152B30100A45D37 /* Release */ = {
			isa = XCBuildConfiguration;
			buildSettings = {
				ALWAYS_SEARCH_USER_PATHS = NO;
				CLANG_ANALYZER_NONNULL = YES;
				CLANG_ANALYZER_NUMBER_OBJECT_CONVERSION = YES_AGGRESSIVE;
				CLANG_CXX_LANGUAGE_STANDARD = "gnu++14";
				CLANG_CXX_LIBRARY = "libc++";
				CLANG_ENABLE_MODULES = YES;
				CLANG_ENABLE_OBJC_ARC = YES;
				CLANG_ENABLE_OBJC_WEAK = YES;
				CLANG_WARN_BLOCK_CAPTURE_AUTORELEASING = YES;
				CLANG_WARN_BOOL_CONVERSION = YES;
				CLANG_WARN_COMMA = YES;
				CLANG_WARN_CONSTANT_CONVERSION = YES;
				CLANG_WARN_DEPRECATED_OBJC_IMPLEMENTATIONS = YES;
				CLANG_WARN_DIRECT_OBJC_ISA_USAGE = YES_ERROR;
				CLANG_WARN_DOCUMENTATION_COMMENTS = YES;
				CLANG_WARN_EMPTY_BODY = YES;
				CLANG_WARN_ENUM_CONVERSION = YES;
				CLANG_WARN_INFINITE_RECURSION = YES;
				CLANG_WARN_INT_CONVERSION = YES;
				CLANG_WARN_NON_LITERAL_NULL_CONVERSION = YES;
				CLANG_WARN_OBJC_IMPLICIT_RETAIN_SELF = YES;
				CLANG_WARN_OBJC_LITERAL_CONVERSION = YES;
				CLANG_WARN_OBJC_ROOT_CLASS = YES_ERROR;
				CLANG_WARN_RANGE_LOOP_ANALYSIS = YES;
				CLANG_WARN_STRICT_PROTOTYPES = YES;
				CLANG_WARN_SUSPICIOUS_MOVE = YES;
				CLANG_WARN_UNGUARDED_AVAILABILITY = YES_AGGRESSIVE;
				CLANG_WARN_UNREACHABLE_CODE = YES;
				CLANG_WARN__DUPLICATE_METHOD_MATCH = YES;
				CODE_SIGN_IDENTITY = "iPhone Developer";
				COPY_PHASE_STRIP = NO;
				DEBUG_INFORMATION_FORMAT = "dwarf-with-dsym";
				ENABLE_NS_ASSERTIONS = NO;
				ENABLE_STRICT_OBJC_MSGSEND = YES;
				GCC_C_LANGUAGE_STANDARD = gnu11;
				GCC_NO_COMMON_BLOCKS = YES;
				GCC_WARN_64_TO_32_BIT_CONVERSION = YES;
				GCC_WARN_ABOUT_RETURN_TYPE = YES_ERROR;
				GCC_WARN_UNDECLARED_SELECTOR = YES;
				GCC_WARN_UNINITIALIZED_AUTOS = YES_AGGRESSIVE;
				GCC_WARN_UNUSED_FUNCTION = YES;
				GCC_WARN_UNUSED_VARIABLE = YES;
				IPHONEOS_DEPLOYMENT_TARGET = 12.0;
				MTL_ENABLE_DEBUG_INFO = NO;
				MTL_FAST_MATH = YES;
				SDKROOT = iphoneos;
				SWIFT_COMPILATION_MODE = wholemodule;
				SWIFT_OPTIMIZATION_LEVEL = "-O";
				VALIDATE_PRODUCT = YES;
			};
			name = Release;
		};
		2A5DAC3D2152B30100A45D37 /* Debug */ = {
			isa = XCBuildConfiguration;
			baseConfigurationReference = F34234FB59ACEA2D97EE2A20 /* Pods-CapTemp.debug.xcconfig */;
			buildSettings = {
				ASSETCATALOG_COMPILER_APPICON_NAME = AppIcon;
				CODE_SIGN_STYLE = Automatic;
				DEVELOPMENT_TEAM = 3Q4M6DQ9WM;
				INFOPLIST_FILE = CapTemp/Info.plist;
				LD_RUNPATH_SEARCH_PATHS = (
					"$(inherited)",
					"@executable_path/Frameworks",
				);
				PRODUCT_BUNDLE_IDENTIFIER = com.captechventures.CapTemp;
				PRODUCT_NAME = "$(TARGET_NAME)";
				SWIFT_VERSION = 4.2;
				TARGETED_DEVICE_FAMILY = "1,2";
			};
			name = Debug;
		};
		2A5DAC3E2152B30100A45D37 /* Release */ = {
			isa = XCBuildConfiguration;
			baseConfigurationReference = A8506DF1F578FC7BDB54D962 /* Pods-CapTemp.release.xcconfig */;
			buildSettings = {
				ASSETCATALOG_COMPILER_APPICON_NAME = AppIcon;
				CODE_SIGN_STYLE = Automatic;
				DEVELOPMENT_TEAM = 3Q4M6DQ9WM;
				INFOPLIST_FILE = CapTemp/Info.plist;
				LD_RUNPATH_SEARCH_PATHS = (
					"$(inherited)",
					"@executable_path/Frameworks",
				);
				PRODUCT_BUNDLE_IDENTIFIER = com.captechventures.CapTemp;
				PRODUCT_NAME = "$(TARGET_NAME)";
				SWIFT_VERSION = 4.2;
				TARGETED_DEVICE_FAMILY = "1,2";
			};
			name = Release;
		};
/* End XCBuildConfiguration section */

/* Begin XCConfigurationList section */
		2A5DAC252152B2FF00A45D37 /* Build configuration list for PBXProject "CapTemp" */ = {
			isa = XCConfigurationList;
			buildConfigurations = (
				2A5DAC3A2152B30100A45D37 /* Debug */,
				2A5DAC3B2152B30100A45D37 /* Release */,
			);
			defaultConfigurationIsVisible = 0;
			defaultConfigurationName = Release;
		};
		2A5DAC3C2152B30100A45D37 /* Build configuration list for PBXNativeTarget "CapTemp" */ = {
			isa = XCConfigurationList;
			buildConfigurations = (
				2A5DAC3D2152B30100A45D37 /* Debug */,
				2A5DAC3E2152B30100A45D37 /* Release */,
			);
			defaultConfigurationIsVisible = 0;
			defaultConfigurationName = Release;
		};
/* End XCConfigurationList section */
	};
	rootObject = 2A5DAC222152B2FF00A45D37 /* Project object */;
}
